{
  "originHash" : "828451d685c18b7a0ddead3877729924e996016db169c62f3cf0cb2345117fe7",
  "pins" : [
    {
      "identity" : "ktviewmodelbuilder",
      "kind" : "remoteSourceControl",
      "location" : "https://github.com/frankois944/KTViewModelBuilder",
      "state" : {
        "revision" : "1a55b73e11d4582b94ff5522fd82186a6d0e44ec",
        "version" : "0.3.0"
      }
    },
    {
      "identity" : "swift-syntax",
      "kind" : "remoteSourceControl",
      "location" : "https://github.com/swiftlang/swift-syntax.git",
      "state" : {
        "revision" : "0687f71944021d616d34d922343dcef086855920",
        "version" : "600.0.1"
      }
    },
    {
      "identity" : "swiftlintplugins",
      "kind" : "remoteSourceControl",
      "location" : "https://github.com/SimplyDanny/SwiftLintPlugins",
      "state" : {
        "revision" : "f9731bef175c3eea3a0ca960f1be78fcc2bc7853",
        "version" : "0.57.1"
      }
    }
  ],
  "version" : 3
}
